# This file is automatically @generated by Cargo.
# It is not intended for manual editing.
version = 3

[[package]]
name = "identity_canister_api"
version = "0.1.0"

[[package]]
name = "verification_code_sender"
version = "0.1.0"

[[package]]
name = "verification_code_sender_aws"
version = "0.1.0"

[[package]]
name = "verification_code_sender_cli"
version = "0.1.0"
